
Microsoft Visual Studio Solution File, Format Version 12.00
# Visual Studio Version 16
VisualStudioVersion = 16.0.29806.167
MinimumVisualStudioVersion = 10.0.40219.1
Project("{2150E333-8FDC-42A3-9474-1A3956D46DE8}") = "Lister", "Lister", "{3BD1FEFA-CD6B-4849-BB3D-A8DFC4EB2C9F}"
EndProject
Project("{FAE04EC0-301F-11D3-BF4B-00C04F79EFBC}") = "Sciendo.Library.Lister", "Lister\Sciendo.Library.Lister\Sciendo.Library.Lister.csproj", "{5482F7FD-E59E-4A01-8082-37E1AC442015}"
EndProject
Project("{FAE04EC0-301F-11D3-BF4B-00C04F79EFBC}") = "LibLister", "Lister\LibLister\LibLister.csproj", "{092DF0F0-D792-4A8C-A9F5-CCFEA74EA9AD}"
EndProject
Project("{2150E333-8FDC-42A3-9474-1A3956D46DE8}") = "Loved2Playlist", "Loved2Playlist", "{74129AFC-69C7-4922-9375-D3D3683CB299}"
EndProject
Project("{FAE04EC0-301F-11D3-BF4B-00C04F79EFBC}") = "Sciendo.Love2Playlist.Processor", "Loved2Playlist\Sciendo.Love2Playlist.Processor\Sciendo.Love2Playlist.Processor.csproj", "{2E813849-0E59-4400-9BDB-FF4A2B898643}"
EndProject
Project("{FAE04EC0-301F-11D3-BF4B-00C04F79EFBC}") = "Sciendo.Love2Playlist", "Loved2Playlist\Sciendo.Love2Playlist\Sciendo.Love2Playlist.csproj", "{B1478827-AA75-44AE-BEA4-455E5DD13BF5}"
EndProject
Project("{FAE04EC0-301F-11D3-BF4B-00C04F79EFBC}") = "Sciendo.Love2Playlist.Tests.Unit", "Loved2Playlist\Sciendo.Love2Playlist.Tests.Unit\Sciendo.Love2Playlist.Tests.Unit.csproj", "{4E970F0E-B53E-4E6B-AAD8-51C75FA6D29D}"
EndProject
Project("{FAE04EC0-301F-11D3-BF4B-00C04F79EFBC}") = "Sciendo.Clementine.DataAccess", "Loved2Playlist\Sciendo.Clementine.DataAccess\Sciendo.Clementine.DataAccess.csproj", "{2B40618B-CBD9-4C23-B142-6A110C9D8CF3}"
EndProject
Project("{FAE04EC0-301F-11D3-BF4B-00C04F79EFBC}") = "Sciendo.Clementine.DataAccess.Tests.Integration", "Loved2Playlist\Sciendo.Clementine.DataAccess.Tests.Integration\Sciendo.Clementine.DataAccess.Tests.Integration.csproj", "{8C4B0763-E831-4DED-9493-4DF70A7CB522}"
EndProject
Project("{2150E333-8FDC-42A3-9474-1A3956D46DE8}") = "Tag2File", "Tag2File", "{81ED69B2-8507-45A8-AD30-BAF7E0CAA7A0}"
EndProject
Project("{FAE04EC0-301F-11D3-BF4B-00C04F79EFBC}") = "Sciendo.T2F", "Tag2File\Sciendo.T2F\Sciendo.T2F.csproj", "{76EA46FC-0F32-4D09-8B0F-1EF6B12AAB62}"
EndProject
Project("{FAE04EC0-301F-11D3-BF4B-00C04F79EFBC}") = "Sciendo.T2F.Processor", "Tag2File\Sciendo.T2F.Processor\Sciendo.T2F.Processor.csproj", "{384A60ED-4C9A-4510-AC33-C1DB974FC916}"
EndProject
Project("{2150E333-8FDC-42A3-9474-1A3956D46DE8}") = "PlaylistPersister", "PlaylistPersister", "{6FB4FE36-56CC-400D-88E8-A84C6957A9FD}"
EndProject
Project("{FAE04EC0-301F-11D3-BF4B-00C04F79EFBC}") = "Sciendo.Playlist.Persister", "Playlist.Persister\Sciendo.Playlist.Persister\Sciendo.Playlist.Persister.csproj", "{4B5C7A63-F547-45C0-9F31-C62F58E2B093}"
EndProject
Project("{FAE04EC0-301F-11D3-BF4B-00C04F79EFBC}") = "Sciendo.PP", "Playlist.Persister\Sciendo.PP\Sciendo.PP.csproj", "{24783742-C936-431E-91F5-766A6D586FFE}"
EndProject
Project("{2150E333-8FDC-42A3-9474-1A3956D46DE8}") = "Common", "Common", "{2A92E14F-B669-49ED-857F-9F175913AAD8}"
EndProject
Project("{FAE04EC0-301F-11D3-BF4B-00C04F79EFBC}") = "Sciendo.Common.Music.Tagging", "Common\Sciendo.Common.Music.Tagging\Sciendo.Common.Music.Tagging.csproj", "{079B9E86-6A95-41D3-8CA3-E7FB34921812}"
EndProject
Project("{2150E333-8FDC-42A3-9474-1A3956D46DE8}") = "Playlists", "Playlists", "{2972E250-C6F6-4369-89AB-3B285D7B9608}"
EndProject
Project("{FAE04EC0-301F-11D3-BF4B-00C04F79EFBC}") = "Sciendo.Playlists", "Playlists\Sciendo.Playlists\Sciendo.Playlists.csproj", "{9BA6D39D-2FC1-4CC9-BDFB-4C630F3CBE44}"
EndProject
Project("{FAE04EC0-301F-11D3-BF4B-00C04F79EFBC}") = "Sciendo.Playlists.Tests.Unit", "Playlists\Sciendo.Playlists.Tests.Unit\Sciendo.Playlists.Tests.Unit.csproj", "{6ADA5363-73C6-42CD-9D33-20BDC3D29587}"
EndProject
Project("{2150E333-8FDC-42A3-9474-1A3956D46DE8}") = "PlaylistTranslator", "PlaylistTranslator", "{DE429960-F481-457A-AAB0-DA66E4F57F7A}"
EndProject
Project("{FAE04EC0-301F-11D3-BF4B-00C04F79EFBC}") = "Sciendo.Playlist.Translator", "PlaylistTranslator\Sciendo.Playlist.Translator\Sciendo.Playlist.Translator.csproj", "{C60E4A8E-9950-401B-8300-ACAE8711641B}"
EndProject
Project("{FAE04EC0-301F-11D3-BF4B-00C04F79EFBC}") = "Sciendo.PT", "PlaylistTranslator\Sciendo.PT\Sciendo.PT.csproj", "{6415146C-29A6-489F-8B0E-72D741AC56C3}"
EndProject
Project("{2150E333-8FDC-42A3-9474-1A3956D46DE8}") = "PlaylistMixx", "PlaylistMixx", "{DE065EDC-4D0F-4CBB-B761-F1F2F4055705}"
EndProject
Project("{FAE04EC0-301F-11D3-BF4B-00C04F79EFBC}") = "Sciendo.Playlist.Mixx.Processor", "PlaylistMixx\Sciendo.Playlist.Mixx.Processor\Sciendo.Playlist.Mixx.Processor\Sciendo.Playlist.Mixx.Processor.csproj", "{E6BD2595-6C1C-4D58-BA0F-02F6424BCD09}"
EndProject
Project("{FAE04EC0-301F-11D3-BF4B-00C04F79EFBC}") = "Sciendo.Mixx.DataAccess", "PlaylistMixx\Sciendo.Playlist.Mixx.DataAccess\Sciendo.Mixx.DataAccess.csproj", "{696C6171-1159-4A63-B144-1A621D53E9E7}"
EndProject
Project("{FAE04EC0-301F-11D3-BF4B-00C04F79EFBC}") = "Sciendo.PMP", "PlaylistMixx\Sciendo.PMP\Sciendo.PMP.csproj", "{FE8FBF09-1A31-46EE-AF89-92A34BB32517}"
EndProject
Project("{2150E333-8FDC-42A3-9474-1A3956D46DE8}") = "KeySequencer", "KeySequencer", "{4A8E96F8-7A24-4748-84E8-18C45EF43D5D}"
EndProject
Project("{FAE04EC0-301F-11D3-BF4B-00C04F79EFBC}") = "Sciendo.KS", "KeySequencer\Sciendo.KS\Sciendo.KS.csproj", "{485A9A81-9659-409F-9514-EC0D30F81221}"
EndProject
Project("{FAE04EC0-301F-11D3-BF4B-00C04F79EFBC}") = "Sciendo.KeySequencer.Repository", "KeySequencer\Sciendo.KeySequencer.Repository\Sciendo.KeySequencer.Repository.csproj", "{7BD76AAC-0480-402D-BF00-1971E329BA71}"
EndProject
Project("{FAE04EC0-301F-11D3-BF4B-00C04F79EFBC}") = "Sciendo.KeySequencer.Repository.Tests.Unit", "KeySequencer\Sciendo.KeySequencer.Repository.Tests.Unit\Sciendo.KeySequencer.Repository.Tests.Unit.csproj", "{9F1F9298-E11F-4C03-80C9-B997EBD4400C}"
EndProject
Project("{2150E333-8FDC-42A3-9474-1A3956D46DE8}") = "Repeat", "Repeat", "{1890D15C-96C9-4193-B1C9-F807C3862EDC}"
	ProjectSection(SolutionItems) = preProject
		Repeat\repeat.ps1 = Repeat\repeat.ps1
	EndProjectSection
EndProject
Project("{FAE04EC0-301F-11D3-BF4B-00C04F79EFBC}") = "Sciendo.Common.Music.Contracts", "Common\Sciendo.Common.Music.Contracts\Sciendo.Common.Music.Contracts.csproj", "{F8497019-BA53-468C-9EA8-26EAD565DB31}"
EndProject
Project("{FAE04EC0-301F-11D3-BF4B-00C04F79EFBC}") = "Sciendo.PMP.Tests.Unit", "PlaylistMixx\Sciendo.PMP.Tests.Unit\Sciendo.PMP.Tests.Unit.csproj", "{B85ABAAF-35B6-426B-8015-EE307E2E062C}"
EndProject
Project("{2150E333-8FDC-42A3-9474-1A3956D46DE8}") = "LibraryInformationExporter", "LibraryInformationExporter", "{889053F0-227B-4E8A-848F-B74DB8127B37}"
EndProject
Project("{FAE04EC0-301F-11D3-BF4B-00C04F79EFBC}") = "LIE", "LibraryInformationExporter\LIE\LIE.csproj", "{2A053B10-DE85-457B-9257-64931C7CFB30}"
EndProject
Project("{2150E333-8FDC-42A3-9474-1A3956D46DE8}") = "LibraryClassifiers", "LibraryClassifiers", "{5265DA7D-B050-4C3D-B4E4-6384F5D9B2E5}"
EndProject
Project("{9A19103F-16F7-4668-BE54-9A1E7A4F7556}") = "LIC", "LibraryClassifier\LIC\LIC.csproj", "{A2DEE33F-5F8C-4AC7-9D11-529C2E352F75}"
EndProject
Project("{FAE04EC0-301F-11D3-BF4B-00C04F79EFBC}") = "AC2", "LibraryClassifier\AC2\AC2.csproj", "{A60EFE30-E0D9-424E-9601-403F1DD43068}"
EndProject
Project("{FAE04EC0-301F-11D3-BF4B-00C04F79EFBC}") = "AE", "LibraryClassifier\AE\AE.csproj", "{22EC8978-675B-4140-A47D-5A4C0044EB66}"
EndProject
Project("{2150E333-8FDC-42A3-9474-1A3956D46DE8}") = "PlaylistAppender", "PlaylistAppender", "{5DCCC3F3-0F6E-4A4F-AA0E-3730BDEFA33A}"
EndProject
Project("{FAE04EC0-301F-11D3-BF4B-00C04F79EFBC}") = "Sciendo.Pap", "PlaylistAppender\Sciendo.Pap\Sciendo.Pap.csproj", "{8708A3BB-7B9D-4A44-AB3F-55F820C4A331}"
EndProject
Project("{FAE04EC0-301F-11D3-BF4B-00C04F79EFBC}") = "Sciendo.Playlist.Appender", "PlaylistAppender\Sciendo.Playlist.Appender\Sciendo.Playlist.Appender.csproj", "{9EB738EB-A973-405B-B9CC-21DDA2F42FE7}"
EndProject
Project("{FAE04EC0-301F-11D3-BF4B-00C04F79EFBC}") = "Sciendo.Common", "..\Sciendo.Common\Sciendo.Common\Sciendo.Common\Sciendo.Common.csproj", "{3199C509-94B0-419D-A0F5-8E981812D011}"
EndProject
Global
	GlobalSection(SolutionConfigurationPlatforms) = preSolution
		Debug|Any CPU = Debug|Any CPU
		Release|Any CPU = Release|Any CPU
	EndGlobalSection
	GlobalSection(ProjectConfigurationPlatforms) = postSolution
		{5482F7FD-E59E-4A01-8082-37E1AC442015}.Debug|Any CPU.ActiveCfg = Debug|Any CPU
		{5482F7FD-E59E-4A01-8082-37E1AC442015}.Debug|Any CPU.Build.0 = Debug|Any CPU
		{5482F7FD-E59E-4A01-8082-37E1AC442015}.Release|Any CPU.ActiveCfg = Release|Any CPU
		{5482F7FD-E59E-4A01-8082-37E1AC442015}.Release|Any CPU.Build.0 = Release|Any CPU
		{092DF0F0-D792-4A8C-A9F5-CCFEA74EA9AD}.Debug|Any CPU.ActiveCfg = Debug|Any CPU
		{092DF0F0-D792-4A8C-A9F5-CCFEA74EA9AD}.Debug|Any CPU.Build.0 = Debug|Any CPU
		{092DF0F0-D792-4A8C-A9F5-CCFEA74EA9AD}.Release|Any CPU.ActiveCfg = Release|Any CPU
		{092DF0F0-D792-4A8C-A9F5-CCFEA74EA9AD}.Release|Any CPU.Build.0 = Release|Any CPU
		{2E813849-0E59-4400-9BDB-FF4A2B898643}.Debug|Any CPU.ActiveCfg = Debug|Any CPU
		{2E813849-0E59-4400-9BDB-FF4A2B898643}.Debug|Any CPU.Build.0 = Debug|Any CPU
		{2E813849-0E59-4400-9BDB-FF4A2B898643}.Release|Any CPU.ActiveCfg = Release|Any CPU
		{2E813849-0E59-4400-9BDB-FF4A2B898643}.Release|Any CPU.Build.0 = Release|Any CPU
		{B1478827-AA75-44AE-BEA4-455E5DD13BF5}.Debug|Any CPU.ActiveCfg = Debug|Any CPU
		{B1478827-AA75-44AE-BEA4-455E5DD13BF5}.Debug|Any CPU.Build.0 = Debug|Any CPU
		{B1478827-AA75-44AE-BEA4-455E5DD13BF5}.Release|Any CPU.ActiveCfg = Release|Any CPU
		{B1478827-AA75-44AE-BEA4-455E5DD13BF5}.Release|Any CPU.Build.0 = Release|Any CPU
		{4E970F0E-B53E-4E6B-AAD8-51C75FA6D29D}.Debug|Any CPU.ActiveCfg = Debug|Any CPU
		{4E970F0E-B53E-4E6B-AAD8-51C75FA6D29D}.Debug|Any CPU.Build.0 = Debug|Any CPU
		{4E970F0E-B53E-4E6B-AAD8-51C75FA6D29D}.Release|Any CPU.ActiveCfg = Release|Any CPU
		{4E970F0E-B53E-4E6B-AAD8-51C75FA6D29D}.Release|Any CPU.Build.0 = Release|Any CPU
		{2B40618B-CBD9-4C23-B142-6A110C9D8CF3}.Debug|Any CPU.ActiveCfg = Debug|Any CPU
		{2B40618B-CBD9-4C23-B142-6A110C9D8CF3}.Debug|Any CPU.Build.0 = Debug|Any CPU
		{2B40618B-CBD9-4C23-B142-6A110C9D8CF3}.Release|Any CPU.ActiveCfg = Release|Any CPU
		{2B40618B-CBD9-4C23-B142-6A110C9D8CF3}.Release|Any CPU.Build.0 = Release|Any CPU
		{8C4B0763-E831-4DED-9493-4DF70A7CB522}.Debug|Any CPU.ActiveCfg = Debug|Any CPU
		{8C4B0763-E831-4DED-9493-4DF70A7CB522}.Debug|Any CPU.Build.0 = Debug|Any CPU
		{8C4B0763-E831-4DED-9493-4DF70A7CB522}.Release|Any CPU.ActiveCfg = Release|Any CPU
		{8C4B0763-E831-4DED-9493-4DF70A7CB522}.Release|Any CPU.Build.0 = Release|Any CPU
		{76EA46FC-0F32-4D09-8B0F-1EF6B12AAB62}.Debug|Any CPU.ActiveCfg = Debug|Any CPU
		{76EA46FC-0F32-4D09-8B0F-1EF6B12AAB62}.Debug|Any CPU.Build.0 = Debug|Any CPU
		{76EA46FC-0F32-4D09-8B0F-1EF6B12AAB62}.Release|Any CPU.ActiveCfg = Release|Any CPU
		{76EA46FC-0F32-4D09-8B0F-1EF6B12AAB62}.Release|Any CPU.Build.0 = Release|Any CPU
		{384A60ED-4C9A-4510-AC33-C1DB974FC916}.Debug|Any CPU.ActiveCfg = Debug|Any CPU
		{384A60ED-4C9A-4510-AC33-C1DB974FC916}.Debug|Any CPU.Build.0 = Debug|Any CPU
		{384A60ED-4C9A-4510-AC33-C1DB974FC916}.Release|Any CPU.ActiveCfg = Release|Any CPU
		{384A60ED-4C9A-4510-AC33-C1DB974FC916}.Release|Any CPU.Build.0 = Release|Any CPU
		{4B5C7A63-F547-45C0-9F31-C62F58E2B093}.Debug|Any CPU.ActiveCfg = Debug|Any CPU
		{4B5C7A63-F547-45C0-9F31-C62F58E2B093}.Debug|Any CPU.Build.0 = Debug|Any CPU
		{4B5C7A63-F547-45C0-9F31-C62F58E2B093}.Release|Any CPU.ActiveCfg = Release|Any CPU
		{4B5C7A63-F547-45C0-9F31-C62F58E2B093}.Release|Any CPU.Build.0 = Release|Any CPU
		{24783742-C936-431E-91F5-766A6D586FFE}.Debug|Any CPU.ActiveCfg = Debug|Any CPU
		{24783742-C936-431E-91F5-766A6D586FFE}.Debug|Any CPU.Build.0 = Debug|Any CPU
		{24783742-C936-431E-91F5-766A6D586FFE}.Release|Any CPU.ActiveCfg = Release|Any CPU
		{24783742-C936-431E-91F5-766A6D586FFE}.Release|Any CPU.Build.0 = Release|Any CPU
		{079B9E86-6A95-41D3-8CA3-E7FB34921812}.Debug|Any CPU.ActiveCfg = Debug|Any CPU
		{079B9E86-6A95-41D3-8CA3-E7FB34921812}.Debug|Any CPU.Build.0 = Debug|Any CPU
		{079B9E86-6A95-41D3-8CA3-E7FB34921812}.Release|Any CPU.ActiveCfg = Release|Any CPU
		{079B9E86-6A95-41D3-8CA3-E7FB34921812}.Release|Any CPU.Build.0 = Release|Any CPU
		{9BA6D39D-2FC1-4CC9-BDFB-4C630F3CBE44}.Debug|Any CPU.ActiveCfg = Debug|Any CPU
		{9BA6D39D-2FC1-4CC9-BDFB-4C630F3CBE44}.Debug|Any CPU.Build.0 = Debug|Any CPU
		{9BA6D39D-2FC1-4CC9-BDFB-4C630F3CBE44}.Release|Any CPU.ActiveCfg = Release|Any CPU
		{9BA6D39D-2FC1-4CC9-BDFB-4C630F3CBE44}.Release|Any CPU.Build.0 = Release|Any CPU
		{6ADA5363-73C6-42CD-9D33-20BDC3D29587}.Debug|Any CPU.ActiveCfg = Debug|Any CPU
		{6ADA5363-73C6-42CD-9D33-20BDC3D29587}.Debug|Any CPU.Build.0 = Debug|Any CPU
		{6ADA5363-73C6-42CD-9D33-20BDC3D29587}.Release|Any CPU.ActiveCfg = Release|Any CPU
		{6ADA5363-73C6-42CD-9D33-20BDC3D29587}.Release|Any CPU.Build.0 = Release|Any CPU
		{C60E4A8E-9950-401B-8300-ACAE8711641B}.Debug|Any CPU.ActiveCfg = Debug|Any CPU
		{C60E4A8E-9950-401B-8300-ACAE8711641B}.Debug|Any CPU.Build.0 = Debug|Any CPU
		{C60E4A8E-9950-401B-8300-ACAE8711641B}.Release|Any CPU.ActiveCfg = Release|Any CPU
		{C60E4A8E-9950-401B-8300-ACAE8711641B}.Release|Any CPU.Build.0 = Release|Any CPU
		{6415146C-29A6-489F-8B0E-72D741AC56C3}.Debug|Any CPU.ActiveCfg = Debug|Any CPU
		{6415146C-29A6-489F-8B0E-72D741AC56C3}.Debug|Any CPU.Build.0 = Debug|Any CPU
		{6415146C-29A6-489F-8B0E-72D741AC56C3}.Release|Any CPU.ActiveCfg = Release|Any CPU
		{6415146C-29A6-489F-8B0E-72D741AC56C3}.Release|Any CPU.Build.0 = Release|Any CPU
		{E6BD2595-6C1C-4D58-BA0F-02F6424BCD09}.Debug|Any CPU.ActiveCfg = Debug|Any CPU
		{E6BD2595-6C1C-4D58-BA0F-02F6424BCD09}.Debug|Any CPU.Build.0 = Debug|Any CPU
		{E6BD2595-6C1C-4D58-BA0F-02F6424BCD09}.Release|Any CPU.ActiveCfg = Release|Any CPU
		{E6BD2595-6C1C-4D58-BA0F-02F6424BCD09}.Release|Any CPU.Build.0 = Release|Any CPU
		{696C6171-1159-4A63-B144-1A621D53E9E7}.Debug|Any CPU.ActiveCfg = Debug|Any CPU
		{696C6171-1159-4A63-B144-1A621D53E9E7}.Debug|Any CPU.Build.0 = Debug|Any CPU
		{696C6171-1159-4A63-B144-1A621D53E9E7}.Release|Any CPU.ActiveCfg = Release|Any CPU
		{696C6171-1159-4A63-B144-1A621D53E9E7}.Release|Any CPU.Build.0 = Release|Any CPU
		{FE8FBF09-1A31-46EE-AF89-92A34BB32517}.Debug|Any CPU.ActiveCfg = Debug|Any CPU
		{FE8FBF09-1A31-46EE-AF89-92A34BB32517}.Debug|Any CPU.Build.0 = Debug|Any CPU
		{FE8FBF09-1A31-46EE-AF89-92A34BB32517}.Release|Any CPU.ActiveCfg = Release|Any CPU
		{FE8FBF09-1A31-46EE-AF89-92A34BB32517}.Release|Any CPU.Build.0 = Release|Any CPU
		{485A9A81-9659-409F-9514-EC0D30F81221}.Debug|Any CPU.ActiveCfg = Debug|Any CPU
		{485A9A81-9659-409F-9514-EC0D30F81221}.Debug|Any CPU.Build.0 = Debug|Any CPU
		{485A9A81-9659-409F-9514-EC0D30F81221}.Release|Any CPU.ActiveCfg = Release|Any CPU
		{485A9A81-9659-409F-9514-EC0D30F81221}.Release|Any CPU.Build.0 = Release|Any CPU
		{7BD76AAC-0480-402D-BF00-1971E329BA71}.Debug|Any CPU.ActiveCfg = Debug|Any CPU
		{7BD76AAC-0480-402D-BF00-1971E329BA71}.Debug|Any CPU.Build.0 = Debug|Any CPU
		{7BD76AAC-0480-402D-BF00-1971E329BA71}.Release|Any CPU.ActiveCfg = Release|Any CPU
		{7BD76AAC-0480-402D-BF00-1971E329BA71}.Release|Any CPU.Build.0 = Release|Any CPU
		{9F1F9298-E11F-4C03-80C9-B997EBD4400C}.Debug|Any CPU.ActiveCfg = Debug|Any CPU
		{9F1F9298-E11F-4C03-80C9-B997EBD4400C}.Debug|Any CPU.Build.0 = Debug|Any CPU
		{9F1F9298-E11F-4C03-80C9-B997EBD4400C}.Release|Any CPU.ActiveCfg = Release|Any CPU
		{9F1F9298-E11F-4C03-80C9-B997EBD4400C}.Release|Any CPU.Build.0 = Release|Any CPU
		{F8497019-BA53-468C-9EA8-26EAD565DB31}.Debug|Any CPU.ActiveCfg = Debug|Any CPU
		{F8497019-BA53-468C-9EA8-26EAD565DB31}.Debug|Any CPU.Build.0 = Debug|Any CPU
		{F8497019-BA53-468C-9EA8-26EAD565DB31}.Release|Any CPU.ActiveCfg = Release|Any CPU
		{F8497019-BA53-468C-9EA8-26EAD565DB31}.Release|Any CPU.Build.0 = Release|Any CPU
		{B85ABAAF-35B6-426B-8015-EE307E2E062C}.Debug|Any CPU.ActiveCfg = Debug|Any CPU
		{B85ABAAF-35B6-426B-8015-EE307E2E062C}.Debug|Any CPU.Build.0 = Debug|Any CPU
		{B85ABAAF-35B6-426B-8015-EE307E2E062C}.Release|Any CPU.ActiveCfg = Release|Any CPU
		{B85ABAAF-35B6-426B-8015-EE307E2E062C}.Release|Any CPU.Build.0 = Release|Any CPU
		{2A053B10-DE85-457B-9257-64931C7CFB30}.Debug|Any CPU.ActiveCfg = Debug|Any CPU
		{2A053B10-DE85-457B-9257-64931C7CFB30}.Debug|Any CPU.Build.0 = Debug|Any CPU
		{2A053B10-DE85-457B-9257-64931C7CFB30}.Release|Any CPU.ActiveCfg = Release|Any CPU
		{2A053B10-DE85-457B-9257-64931C7CFB30}.Release|Any CPU.Build.0 = Release|Any CPU
		{A2DEE33F-5F8C-4AC7-9D11-529C2E352F75}.Debug|Any CPU.ActiveCfg = Debug|Any CPU
		{A2DEE33F-5F8C-4AC7-9D11-529C2E352F75}.Debug|Any CPU.Build.0 = Debug|Any CPU
		{A2DEE33F-5F8C-4AC7-9D11-529C2E352F75}.Release|Any CPU.ActiveCfg = Release|Any CPU
		{A2DEE33F-5F8C-4AC7-9D11-529C2E352F75}.Release|Any CPU.Build.0 = Release|Any CPU
		{A60EFE30-E0D9-424E-9601-403F1DD43068}.Debug|Any CPU.ActiveCfg = Debug|Any CPU
		{A60EFE30-E0D9-424E-9601-403F1DD43068}.Debug|Any CPU.Build.0 = Debug|Any CPU
		{A60EFE30-E0D9-424E-9601-403F1DD43068}.Release|Any CPU.ActiveCfg = Release|Any CPU
		{A60EFE30-E0D9-424E-9601-403F1DD43068}.Release|Any CPU.Build.0 = Release|Any CPU
		{22EC8978-675B-4140-A47D-5A4C0044EB66}.Debug|Any CPU.ActiveCfg = Debug|Any CPU
		{22EC8978-675B-4140-A47D-5A4C0044EB66}.Debug|Any CPU.Build.0 = Debug|Any CPU
		{22EC8978-675B-4140-A47D-5A4C0044EB66}.Release|Any CPU.ActiveCfg = Release|Any CPU
		{22EC8978-675B-4140-A47D-5A4C0044EB66}.Release|Any CPU.Build.0 = Release|Any CPU
		{8708A3BB-7B9D-4A44-AB3F-55F820C4A331}.Debug|Any CPU.ActiveCfg = Debug|Any CPU
		{8708A3BB-7B9D-4A44-AB3F-55F820C4A331}.Debug|Any CPU.Build.0 = Debug|Any CPU
		{8708A3BB-7B9D-4A44-AB3F-55F820C4A331}.Release|Any CPU.ActiveCfg = Release|Any CPU
		{8708A3BB-7B9D-4A44-AB3F-55F820C4A331}.Release|Any CPU.Build.0 = Release|Any CPU
		{9EB738EB-A973-405B-B9CC-21DDA2F42FE7}.Debug|Any CPU.ActiveCfg = Debug|Any CPU
		{9EB738EB-A973-405B-B9CC-21DDA2F42FE7}.Debug|Any CPU.Build.0 = Debug|Any CPU
		{9EB738EB-A973-405B-B9CC-21DDA2F42FE7}.Release|Any CPU.ActiveCfg = Release|Any CPU
		{9EB738EB-A973-405B-B9CC-21DDA2F42FE7}.Release|Any CPU.Build.0 = Release|Any CPU
		{3199C509-94B0-419D-A0F5-8E981812D011}.Debug|Any CPU.ActiveCfg = Debug|Any CPU
		{3199C509-94B0-419D-A0F5-8E981812D011}.Debug|Any CPU.Build.0 = Debug|Any CPU
		{3199C509-94B0-419D-A0F5-8E981812D011}.Release|Any CPU.ActiveCfg = Release|Any CPU
		{3199C509-94B0-419D-A0F5-8E981812D011}.Release|Any CPU.Build.0 = Release|Any CPU
	EndGlobalSection
	GlobalSection(SolutionProperties) = preSolution
		HideSolutionNode = FALSE
	EndGlobalSection
	GlobalSection(NestedProjects) = preSolution
		{5482F7FD-E59E-4A01-8082-37E1AC442015} = {3BD1FEFA-CD6B-4849-BB3D-A8DFC4EB2C9F}
		{092DF0F0-D792-4A8C-A9F5-CCFEA74EA9AD} = {3BD1FEFA-CD6B-4849-BB3D-A8DFC4EB2C9F}
		{2E813849-0E59-4400-9BDB-FF4A2B898643} = {74129AFC-69C7-4922-9375-D3D3683CB299}
		{B1478827-AA75-44AE-BEA4-455E5DD13BF5} = {74129AFC-69C7-4922-9375-D3D3683CB299}
		{4E970F0E-B53E-4E6B-AAD8-51C75FA6D29D} = {74129AFC-69C7-4922-9375-D3D3683CB299}
		{2B40618B-CBD9-4C23-B142-6A110C9D8CF3} = {74129AFC-69C7-4922-9375-D3D3683CB299}
		{8C4B0763-E831-4DED-9493-4DF70A7CB522} = {74129AFC-69C7-4922-9375-D3D3683CB299}
		{76EA46FC-0F32-4D09-8B0F-1EF6B12AAB62} = {81ED69B2-8507-45A8-AD30-BAF7E0CAA7A0}
		{384A60ED-4C9A-4510-AC33-C1DB974FC916} = {81ED69B2-8507-45A8-AD30-BAF7E0CAA7A0}
		{4B5C7A63-F547-45C0-9F31-C62F58E2B093} = {6FB4FE36-56CC-400D-88E8-A84C6957A9FD}
		{24783742-C936-431E-91F5-766A6D586FFE} = {6FB4FE36-56CC-400D-88E8-A84C6957A9FD}
		{079B9E86-6A95-41D3-8CA3-E7FB34921812} = {2A92E14F-B669-49ED-857F-9F175913AAD8}
		{9BA6D39D-2FC1-4CC9-BDFB-4C630F3CBE44} = {2972E250-C6F6-4369-89AB-3B285D7B9608}
		{6ADA5363-73C6-42CD-9D33-20BDC3D29587} = {2972E250-C6F6-4369-89AB-3B285D7B9608}
		{C60E4A8E-9950-401B-8300-ACAE8711641B} = {DE429960-F481-457A-AAB0-DA66E4F57F7A}
		{6415146C-29A6-489F-8B0E-72D741AC56C3} = {DE429960-F481-457A-AAB0-DA66E4F57F7A}
		{E6BD2595-6C1C-4D58-BA0F-02F6424BCD09} = {DE065EDC-4D0F-4CBB-B761-F1F2F4055705}
		{696C6171-1159-4A63-B144-1A621D53E9E7} = {DE065EDC-4D0F-4CBB-B761-F1F2F4055705}
		{FE8FBF09-1A31-46EE-AF89-92A34BB32517} = {DE065EDC-4D0F-4CBB-B761-F1F2F4055705}
		{485A9A81-9659-409F-9514-EC0D30F81221} = {4A8E96F8-7A24-4748-84E8-18C45EF43D5D}
		{7BD76AAC-0480-402D-BF00-1971E329BA71} = {4A8E96F8-7A24-4748-84E8-18C45EF43D5D}
		{9F1F9298-E11F-4C03-80C9-B997EBD4400C} = {4A8E96F8-7A24-4748-84E8-18C45EF43D5D}
		{F8497019-BA53-468C-9EA8-26EAD565DB31} = {2A92E14F-B669-49ED-857F-9F175913AAD8}
		{B85ABAAF-35B6-426B-8015-EE307E2E062C} = {DE065EDC-4D0F-4CBB-B761-F1F2F4055705}
		{2A053B10-DE85-457B-9257-64931C7CFB30} = {889053F0-227B-4E8A-848F-B74DB8127B37}
		{A2DEE33F-5F8C-4AC7-9D11-529C2E352F75} = {5265DA7D-B050-4C3D-B4E4-6384F5D9B2E5}
		{A60EFE30-E0D9-424E-9601-403F1DD43068} = {5265DA7D-B050-4C3D-B4E4-6384F5D9B2E5}
		{22EC8978-675B-4140-A47D-5A4C0044EB66} = {5265DA7D-B050-4C3D-B4E4-6384F5D9B2E5}
		{8708A3BB-7B9D-4A44-AB3F-55F820C4A331} = {5DCCC3F3-0F6E-4A4F-AA0E-3730BDEFA33A}
		{9EB738EB-A973-405B-B9CC-21DDA2F42FE7} = {5DCCC3F3-0F6E-4A4F-AA0E-3730BDEFA33A}
		{3199C509-94B0-419D-A0F5-8E981812D011} = {2A92E14F-B669-49ED-857F-9F175913AAD8}
	EndGlobalSection
	GlobalSection(ExtensibilityGlobals) = postSolution
		SolutionGuid = {7D453D10-EC02-4A23-8FEA-C64E7651D040}
	EndGlobalSection
EndGlobal
